
Microsoft Visual Studio Solution File, Format Version 12.00
# Visual Studio Version 16
VisualStudioVersion = 16.0.30320.27
MinimumVisualStudioVersion = 10.0.40219.1
Project("{FAE04EC0-301F-11D3-BF4B-00C04F79EFBC}") = "HelloWorldUserEB", "HelloWorldUserEB\HelloWorldUserEB.csproj", "{140BF4AE-F3F4-4038-B656-EA6A623958AC}"
EndProject
Project("{FAE04EC0-301F-11D3-BF4B-00C04F79EFBC}") = "Test_HelloWorld", "Test_HelloWorld\Test_HelloWorld.csproj", "{2F4A1303-2204-4624-A190-61DE474CC8D0}"
EndProject
Global
	GlobalSection(SolutionConfigurationPlatforms) = preSolution
		Debug|Any CPU = Debug|Any CPU
		Release|Any CPU = Release|Any CPU
	EndGlobalSection
	GlobalSection(ProjectConfigurationPlatforms) = postSolution
		{140BF4AE-F3F4-4038-B656-EA6A623958AC}.Debug|Any CPU.ActiveCfg = Debug|Any CPU
		{140BF4AE-F3F4-4038-B656-EA6A623958AC}.Debug|Any CPU.Build.0 = Debug|Any CPU
		{140BF4AE-F3F4-4038-B656-EA6A623958AC}.Release|Any CPU.ActiveCfg = Release|Any CPU
		{140BF4AE-F3F4-4038-B656-EA6A623958AC}.Release|Any CPU.Build.0 = Release|Any CPU
		{2F4A1303-2204-4624-A190-61DE474CC8D0}.Debug|Any CPU.ActiveCfg = Debug|Any CPU
		{2F4A1303-2204-4624-A190-61DE474CC8D0}.Debug|Any CPU.Build.0 = Debug|Any CPU
		{2F4A1303-2204-4624-A190-61DE474CC8D0}.Release|Any CPU.ActiveCfg = Release|Any CPU
		{2F4A1303-2204-4624-A190-61DE474CC8D0}.Release|Any CPU.Build.0 = Release|Any CPU
	EndGlobalSection
	GlobalSection(SolutionProperties) = preSolution
		HideSolutionNode = FALSE
	EndGlobalSection
	GlobalSection(ExtensibilityGlobals) = postSolution
		SolutionGuid = {0249F77C-1DEB-443C-8445-BFB5F45789CA}
	EndGlobalSection
EndGlobal
